<?xml version="1.0" encoding="utf-8"?>
<Project ToolsVersion="4.0" xmlns="http://schemas.microsoft.com/developer/msbuild/2003">
  <ItemGroup>
    <Filter Include="Source Files">
      <UniqueIdentifier>{4FC737F1-C7A5-4376-A066-2A32D752A2FF}</UniqueIdentifier>
      <Extensions>cpp;c;cc;cxx;c++;cppm;ixx;def;odl;idl;hpj;bat;asm;asmx</Extensions>
    </Filter>
    <Filter Include="Header Files">
      <UniqueIdentifier>{93995380-89BD-4b04-88EB-625FBE52EBFB}</UniqueIdentifier>
      <Extensions>h;hh;hpp;hxx;h++;hm;inl;inc;ipp;xsd</Extensions>
    </Filter>
    <Filter Include="Test Source Files">
      <UniqueIdentifier>{b6579c0e-bfe8-4b51-a187-60404b74ee71}</UniqueIdentifier>
    </Filter>
    <Filter Include="Header Files\Any">
      <UniqueIdentifier>{f0392f57-51f8-4dc9-97a3-b81564a6f838}</UniqueIdentifier>
    </Filter>
    <Filter Include="Header Files\Functions">
      <UniqueIdentifier>{a72974c4-fac4-4d9d-b801-d13def8aac60}</UniqueIdentifier>
    </Filter>
    <Filter Include="Header Files\Reactive">
      <UniqueIdentifier>{179e3bd4-fe02-4d7f-b2c3-639b6eb8d1b2}</UniqueIdentifier>
    </Filter>
    <Filter Include="Header Files\Struct">
      <UniqueIdentifier>{8784fcff-f52c-416a-b6f4-8a214819be53}</UniqueIdentifier>
    </Filter>
    <Filter Include="Test Source Files\Any">
      <UniqueIdentifier>{82739f87-9db2-42b4-b145-3e1617770a1d}</UniqueIdentifier>
    </Filter>
    <Filter Include="Test Source Files\Functions">
      <UniqueIdentifier>{3e1422de-17a3-4af0-b792-303b91900ac7}</UniqueIdentifier>
    </Filter>
    <Filter Include="Test Source Files\Reactive">
      <UniqueIdentifier>{89423a92-d04d-44fb-b078-e3c3909887d4}</UniqueIdentifier>
    </Filter>
    <Filter Include="Header Files\Allocator">
      <UniqueIdentifier>{32fab255-14c2-421b-b489-35537f8e9d5e}</UniqueIdentifier>
    </Filter>
    <Filter Include="Source Files\Functions">
      <UniqueIdentifier>{92726427-7da4-410e-aed0-fd3baf3e765e}</UniqueIdentifier>
    </Filter>
    <Filter Include="Test Resource Files">
      <UniqueIdentifier>{16b00558-22b0-4075-9661-c3cafc92529f}</UniqueIdentifier>
    </Filter>
    <Filter Include="Test Resource Files\c">
      <UniqueIdentifier>{41c109c4-222c-4301-b486-fa7b2763ddc2}</UniqueIdentifier>
    </Filter>
    <Filter Include="Test Resource Files\d">
      <UniqueIdentifier>{1c30cd5a-27a1-40c1-9987-c4cbd823130a}</UniqueIdentifier>
    </Filter>
    <Filter Include="Test Resource Files\e">
      <UniqueIdentifier>{d81ce25b-708f-435b-83e7-4ca29835f6ce}</UniqueIdentifier>
    </Filter>
    <Filter Include="Test Resource Files\f">
      <UniqueIdentifier>{afc50c9c-b1c9-44e1-9fe6-2d4aed9a85fb}</UniqueIdentifier>
    </Filter>
    <Filter Include="Test Resource Files\g">
      <UniqueIdentifier>{4a266acb-8d45-4dc8-8afc-dd948b5f35a8}</UniqueIdentifier>
    </Filter>
    <Filter Include="Test Resource Files\h">
      <UniqueIdentifier>{d285a3ba-e38a-47d7-bde1-89028999adcb}</UniqueIdentifier>
    </Filter>
    <Filter Include="Test Resource Files\i">
      <UniqueIdentifier>{e75b8eca-39bf-4700-978e-fdc3c31d4a78}</UniqueIdentifier>
    </Filter>
  </ItemGroup>
  <ItemGroup>
    <ClInclude Include="src\main\Any\AnimatedAny.h">
      <Filter>Header Files\Any</Filter>
    </ClInclude>
    <ClInclude Include="src\main\Any\Reactive.h">
      <Filter>Header Files\Any</Filter>
    </ClInclude>
    <ClInclude Include="src\main\Functions\math_ext.h">
      <Filter>Header Files\Functions</Filter>
    </ClInclude>
    <ClInclude Include="src\main\Functions\queue_ext.h">
      <Filter>Header Files\Functions</Filter>
    </ClInclude>
    <ClInclude Include="src\main\Struct\Range.h">
      <Filter>Header Files\Struct</Filter>
    </ClInclude>
    <ClInclude Include="src\main\Struct\Vector.h">
      <Filter>Header Files\Struct</Filter>
    </ClInclude>
    <ClInclude Include="src\main\Reactive\BinaryReactive.h">
      <Filter>Header Files\Reactive</Filter>
    </ClInclude>
    <ClInclude Include="src\main\Reactive\UnaryReactive.h">
      <Filter>Header Files\Reactive</Filter>
    </ClInclude>
    <ClInclude Include="src\main\Any\allocator.h">
      <Filter>Header Files\Any</Filter>
    </ClInclude>
    <ClInclude Include="src\main\Functions\fs_ext.h">
      <Filter>Header Files\Functions</Filter>
    </ClInclude>
    <ClInclude Include="src\main\Functions\string_ext.h">
      <Filter>Header Files\Functions</Filter>
    </ClInclude>
    <ClInclude Include="src\main\Functions\util.h">
      <Filter>Header Files\Functions</Filter>
    </ClInclude>
    <ClInclude Include="src\main\nitro.h">
      <Filter>Header Files</Filter>
    </ClInclude>
  </ItemGroup>
  <ItemGroup>
    <ClCompile Include="src\test\Functions\math_ext.test.cpp">
      <Filter>Test Source Files\Functions</Filter>
    </ClCompile>
    <ClCompile Include="src\test\Functions\queue_ext.test.cpp">
      <Filter>Test Source Files\Functions</Filter>
    </ClCompile>
    <ClCompile Include="src\test\Functions\test.cpp">
      <Filter>Test Source Files\Functions</Filter>
    </ClCompile>
    <ClCompile Include="src\test\Reactive\BinaryReactive.test.cpp">
      <Filter>Test Source Files\Reactive</Filter>
    </ClCompile>
    <ClCompile Include="src\test\Reactive\UnaryReactive.test.cpp">
      <Filter>Test Source Files\Reactive</Filter>
    </ClCompile>
    <ClCompile Include="src\test\Any\AnimatedAny.test.cpp">
      <Filter>Test Source Files\Any</Filter>
    </ClCompile>
    <ClCompile Include="src\test\Any\Reactive.test.cpp">
      <Filter>Test Source Files\Any</Filter>
    </ClCompile>
    <ClCompile Include="src\main\Allocator\linear_allocator.h">
      <Filter>Header Files\Allocator</Filter>
    </ClCompile>
    <ClCompile Include="src\test\Functions\fs_ext.test.cpp">
      <Filter>Test Source Files\Functions</Filter>
    </ClCompile>
    <ClCompile Include="src\test\Functions\string_ext.test.cpp">
      <Filter>Test Source Files\Functions</Filter>
    </ClCompile>
    <ClCompile Include="src\test\Functions\util.test.cpp">
      <Filter>Test Source Files\Functions</Filter>
    </ClCompile>
    <ClCompile Include="src\main\Functions\math_ext.cpp">
      <Filter>Source Files\Functions</Filter>
    </ClCompile>
    <ClCompile Include="src\main\Functions\string_ext.cpp">
      <Filter>Source Files\Functions</Filter>
    </ClCompile>
    <ClCompile Include="src\main\Functions\fs_ext.cpp">
      <Filter>Source Files\Functions</Filter>
    </ClCompile>
  </ItemGroup>
  <ItemGroup>
    <Text Include="res\test\c\a.txt">
      <Filter>Test Resource Files\c</Filter>
    </Text>
    <Text Include="res\test\e\a.txt">
      <Filter>Test Resource Files\e</Filter>
    </Text>
    <Text Include="res\test\f\a.txt">
      <Filter>Test Resource Files\f</Filter>
    </Text>
    <Text Include="res\test\f\b.txt">
      <Filter>Test Resource Files\f</Filter>
    </Text>
    <Text Include="res\test\h\a.txt">
      <Filter>Test Resource Files\h</Filter>
    </Text>
    <Text Include="res\test\i\a.txt">
      <Filter>Test Resource Files\i</Filter>
    </Text>
    <Text Include="res\test\i\b.txt">
      <Filter>Test Resource Files\i</Filter>
    </Text>
  </ItemGroup>
  <ItemGroup>
    <Image Include="res\test\d\0.png">
      <Filter>Test Resource Files\d</Filter>
    </Image>
    <Image Include="res\test\e\0.png">
      <Filter>Test Resource Files\e</Filter>
    </Image>
    <Image Include="res\test\g\0.png">
      <Filter>Test Resource Files\g</Filter>
    </Image>
    <Image Include="res\test\g\1.png">
      <Filter>Test Resource Files\g</Filter>
    </Image>
    <Image Include="res\test\h\0.png">
      <Filter>Test Resource Files\h</Filter>
    </Image>
    <Image Include="res\test\h\1.png">
      <Filter>Test Resource Files\h</Filter>
    </Image>
    <Image Include="res\test\i\0.PNG">
      <Filter>Test Resource Files\i</Filter>
    </Image>
  </ItemGroup>
  <ItemGroup>
    <None Include="res\test\a.dat">
      <Filter>Test Resource Files</Filter>
    </None>
    <None Include="res\test\b.dat">
      <Filter>Test Resource Files</Filter>
    </None>
    <None Include="res\test\c.dat">
      <Filter>Test Resource Files</Filter>
    </None>
    <None Include="res\test\d.dat">
      <Filter>Test Resource Files</Filter>
    </None>
    <None Include="res\test\e.dat">
      <Filter>Test Resource Files</Filter>
    </None>
    <None Include="res\test\f.dat">
      <Filter>Test Resource Files</Filter>
    </None>
    <None Include="res\test\g.dat">
      <Filter>Test Resource Files</Filter>
    </None>
    <None Include="res\test\h.dat">
      <Filter>Test Resource Files</Filter>
    </None>
    <None Include="res\test\i.dat">
      <Filter>Test Resource Files</Filter>
    </None>
    <None Include="res\test\j.dat">
      <Filter>Test Resource Files</Filter>
    </None>
  </ItemGroup>
</Project>